
Microsoft Visual Studio Solution File, Format Version 12.00
# Visual Studio Version 16
VisualStudioVersion = 16.0.28822.285
MinimumVisualStudioVersion = 10.0.40219.1
Project("{FAE04EC0-301F-11D3-BF4B-00C04F79EFBC}") = "Sero.Mapper", "Sero.Mapper\Sero.Mapper.csproj", "{D973E451-81C5-4797-9833-8377BFB4BBFA}"
EndProject
Global
	GlobalSection(SolutionConfigurationPlatforms) = preSolution
		Debug|Any CPU = Debug|Any CPU
		Release|Any CPU = Release|Any CPU
	EndGlobalSection
	GlobalSection(ProjectConfigurationPlatforms) = postSolution
		{D973E451-81C5-4797-9833-8377BFB4BBFA}.Debug|Any CPU.ActiveCfg = Debug|Any CPU
		{D973E451-81C5-4797-9833-8377BFB4BBFA}.Debug|Any CPU.Build.0 = Debug|Any CPU
		{D973E451-81C5-4797-9833-8377BFB4BBFA}.Release|Any CPU.ActiveCfg = Release|Any CPU
		{D973E451-81C5-4797-9833-8377BFB4BBFA}.Release|Any CPU.Build.0 = Release|Any CPU
	EndGlobalSection
	GlobalSection(SolutionProperties) = preSolution
		HideSolutionNode = FALSE
	EndGlobalSection
	GlobalSection(ExtensibilityGlobals) = postSolution
		SolutionGuid = {8DD3A96D-B952-4F05-A570-1266F1963BEE}
	EndGlobalSection
EndGlobal
